
Microsoft Visual Studio Solution File, Format Version 12.00
# Visual Studio Version 16
VisualStudioVersion = 16.0.29411.108
MinimumVisualStudioVersion = 10.0.40219.1
Project("{FAE04EC0-301F-11D3-BF4B-00C04F79EFBC}") = "ApiRestExample", "ApiRestExample\ApiRestExample.csproj", "{41B356E4-4E62-46D1-BA57-775FE67B86E6}"
EndProject
Project("{FAE04EC0-301F-11D3-BF4B-00C04F79EFBC}") = "RestClient", "RestClient\RestClient.csproj", "{CFAF12F1-025F-4B10-83D1-76A90E749B15}"
EndProject
Global
	GlobalSection(SolutionConfigurationPlatforms) = preSolution
		Debug|Any CPU = Debug|Any CPU
		Release|Any CPU = Release|Any CPU
	EndGlobalSection
	GlobalSection(ProjectConfigurationPlatforms) = postSolution
		{41B356E4-4E62-46D1-BA57-775FE67B86E6}.Debug|Any CPU.ActiveCfg = Debug|Any CPU
		{41B356E4-4E62-46D1-BA57-775FE67B86E6}.Debug|Any CPU.Build.0 = Debug|Any CPU
		{41B356E4-4E62-46D1-BA57-775FE67B86E6}.Release|Any CPU.ActiveCfg = Release|Any CPU
		{41B356E4-4E62-46D1-BA57-775FE67B86E6}.Release|Any CPU.Build.0 = Release|Any CPU
		{CFAF12F1-025F-4B10-83D1-76A90E749B15}.Debug|Any CPU.ActiveCfg = Debug|Any CPU
		{CFAF12F1-025F-4B10-83D1-76A90E749B15}.Debug|Any CPU.Build.0 = Debug|Any CPU
		{CFAF12F1-025F-4B10-83D1-76A90E749B15}.Release|Any CPU.ActiveCfg = Release|Any CPU
		{CFAF12F1-025F-4B10-83D1-76A90E749B15}.Release|Any CPU.Build.0 = Release|Any CPU
	EndGlobalSection
	GlobalSection(SolutionProperties) = preSolution
		HideSolutionNode = FALSE
	EndGlobalSection
	GlobalSection(ExtensibilityGlobals) = postSolution
		SolutionGuid = {594BBC44-1262-4004-84D0-1A389632B197}
	EndGlobalSection
EndGlobal
